
Microsoft Visual Studio Solution File, Format Version 12.00
# Visual Studio Version 16
VisualStudioVersion = 16.0.31105.61
MinimumVisualStudioVersion = 10.0.40219.1
Project("{FAE04EC0-301F-11D3-BF4B-00C04F79EFBC}") = "BookShopDotNet1", "BookShopDotNet1.csproj", "{21533C1F-7510-4190-B0F7-E7C3F2A48045}"
EndProject
Global
	GlobalSection(SolutionConfigurationPlatforms) = preSolution
		Debug|Any CPU = Debug|Any CPU
		Release|Any CPU = Release|Any CPU
	EndGlobalSection
	GlobalSection(ProjectConfigurationPlatforms) = postSolution
		{21533C1F-7510-4190-B0F7-E7C3F2A48045}.Debug|Any CPU.ActiveCfg = Debug|Any CPU
		{21533C1F-7510-4190-B0F7-E7C3F2A48045}.Debug|Any CPU.Build.0 = Debug|Any CPU
		{21533C1F-7510-4190-B0F7-E7C3F2A48045}.Release|Any CPU.ActiveCfg = Release|Any CPU
		{21533C1F-7510-4190-B0F7-E7C3F2A48045}.Release|Any CPU.Build.0 = Release|Any CPU
	EndGlobalSection
	GlobalSection(SolutionProperties) = preSolution
		HideSolutionNode = FALSE
	EndGlobalSection
	GlobalSection(ExtensibilityGlobals) = postSolution
		SolutionGuid = {99303C2B-199A-46D2-8605-4CE764489A74}
	EndGlobalSection
EndGlobal
